
Microsoft Visual Studio Solution File, Format Version 12.00
# Visual Studio Version 17
VisualStudioVersion = 17.7.34024.191
MinimumVisualStudioVersion = 10.0.40219.1
Project("{FAE04EC0-301F-11D3-BF4B-00C04F79EFBC}") = "20231211_MouaAngelina_Exercise4.1", "20231211_MouaAngelina_Exercise4.1\20231211_MouaAngelina_Exercise4.1.csproj", "{4FF8B7AC-BBC1-4FDF-8021-F187E403E996}"
EndProject
Global
	GlobalSection(SolutionConfigurationPlatforms) = preSolution
		Debug|Any CPU = Debug|Any CPU
		Release|Any CPU = Release|Any CPU
	EndGlobalSection
	GlobalSection(ProjectConfigurationPlatforms) = postSolution
		{4FF8B7AC-BBC1-4FDF-8021-F187E403E996}.Debug|Any CPU.ActiveCfg = Debug|Any CPU
		{4FF8B7AC-BBC1-4FDF-8021-F187E403E996}.Debug|Any CPU.Build.0 = Debug|Any CPU
		{4FF8B7AC-BBC1-4FDF-8021-F187E403E996}.Release|Any CPU.ActiveCfg = Release|Any CPU
		{4FF8B7AC-BBC1-4FDF-8021-F187E403E996}.Release|Any CPU.Build.0 = Release|Any CPU
	EndGlobalSection
	GlobalSection(SolutionProperties) = preSolution
		HideSolutionNode = FALSE
	EndGlobalSection
	GlobalSection(ExtensibilityGlobals) = postSolution
		SolutionGuid = {B60D8EC6-BF8D-4303-8BBF-4073483F70DB}
	EndGlobalSection
EndGlobal
